{
  "version": 4,
  "terraform_version": "1.16.2",
  "serial": 6,
  "lineage": "724d3682-aaf3-a370-0806-9a6c03366af8",
  "outputs": {
    "message": {
      "value": "Hello Terraform! Mera pehla project",
      "type": "string"
    }
  },
  "resources": [
    {
      "mode": "managed",
      "type": "docker_container",
      "name": "nginx",
      "provider": "provider[\"registry.terraform.io/kreuzwerker/docker\"]",
      "instances": [
        {
          "schema_version": 2,
          "attributes": {
            "attach": false,
            "bridge": "",
            "capabilities": [],
            "cgroup_parent": null,
            "cgroupns_mode": null,
            "command": [
              "nginx",
              "-g",
              "daemon off;"
            ],
            "container_logs": null,
            "container_read_refresh_timeout_milliseconds": 15000,
            "cpu_period": null,
            "cpu_quota": null,
            "cpu_set": "",
            "cpu_shares": 0,
            "cpus": null,
            "destroy_grace_seconds": null,
            "devices": [],
            "dns": null,
            "dns_opts": null,
            "dns_search": null,
            "domainname": "",
            "entrypoint": [
              "/docker-entrypoint.sh"
            ],
            "env": [],
            "exit_code": null,
            "gpus": null,
            "group_add": null,
            "healthcheck": null,
            "host": [],
            "hostname": "c9eb3c0a2ae4",
            "id": "c9eb3c0a2ae4cc43ff12a02266d38c431e6f33af9ff1ad704d937ad8d85487d3",
            "image": "sha256:1b595815db669d0c994a880f3d091111b803dec3eb4c7624f0dbe50cee60dd48",
            "init": false,
            "ipc_mode": "shareable",
            "labels": [],
            "log_driver": "journald",
            "log_opts": null,
            "logs": false,
            "max_retry_count": 0,
            "memory": 0,
            "memory_reservation": 0,
            "memory_swap": 0,
            "mounts": [],
            "must_run": true,
            "name": "my-nginx",
            "network_data": [
              {
                "gateway": "10.88.0.1",
                "global_ipv6_address": "",
                "global_ipv6_prefix_length": 0,
                "ip_address": "10.88.0.2",
                "ip_prefix_length": 16,
                "ipv6_gateway": "",
                "mac_address": "b2:8f:d2:f5:5e:c1",
                "network_name": "podman"
              }
            ],
            "network_mode": "bridge",
            "networks_advanced": [],
            "pid_mode": "private",
            "ports": [
              {
                "external": 8091,
                "internal": 80,
                "ip": "0.0.0.0",
                "protocol": "tcp"
              }
            ],
            "privileged": false,
            "publish_all_ports": false,
            "read_only": false,
            "remove_volumes": true,
            "restart": "no",
            "rm": false,
            "runtime": "oci",
            "security_opts": [],
            "shm_size": 62,
            "start": true,
            "stdin_open": false,
            "stop_signal": "3",
            "stop_timeout": 10,
            "storage_opts": null,
            "sysctls": null,
            "tmpfs": null,
            "tty": false,
            "ulimit": [],
            "upload": [],
            "user": "",
            "userns_mode": "",
            "volumes": [],
            "wait": false,
            "wait_timeout": 60,
            "working_dir": "/"
          },
          "sensitive_attributes": [],
          "identity_schema_version": 0,
          "private": "eyJzY2hlbWFfdmVyc2lvbiI6IjIifQ==",
          "dependencies": [
            "docker_image.nginx"
          ]
        }
      ]
    },
    {
      "mode": "managed",
      "type": "docker_image",
      "name": "nginx",
      "provider": "provider[\"registry.terraform.io/kreuzwerker/docker\"]",
      "instances": [
        {
          "schema_version": 0,
          "attributes": {
            "build": [],
            "force_remove": null,
            "id": "sha256:1b595815db669d0c994a880f3d091111b803dec3eb4c7624f0dbe50cee60dd48nginx:alpine",
            "image_id": "sha256:1b595815db669d0c994a880f3d091111b803dec3eb4c7624f0dbe50cee60dd48",
            "keep_locally": null,
            "name": "nginx:alpine",
            "platform": null,
            "pull_triggers": null,
            "repo_digest": "docker.io/library/nginx@sha256:72ba65eb42c10344912a84ff42408db7d34f2feb642204570ab8fc5ffd29f1d3",
            "timeouts": null,
            "triggers": null
          },
          "sensitive_attributes": [],
          "identity_schema_version": 0,
          "private": "eyJlMmJmYjczMC1lY2FhLTExZTYtOGY4OC0zNDM2M2JjN2M0YzAiOnsiY3JlYXRlIjoxMjAwMDAwMDAwMDAwLCJkZWxldGUiOjEyMDAwMDAwMDAwMDAsInVwZGF0ZSI6MTIwMDAwMDAwMDAwMH19"
        }
      ]
    }
  ],
  "check_results": null
}
